
Microsoft Visual Studio Solution File, Format Version 12.00
# Visual Studio Version 16
VisualStudioVersion = 16.0.33801.447
MinimumVisualStudioVersion = 10.0.40219.1
Project("{FAE04EC0-301F-11D3-BF4B-00C04F79EFBC}") = "task11", "task11\task11.csproj", "{7A90F5F9-2955-42C6-904A-957E97C15636}"
EndProject
Global
	GlobalSection(SolutionConfigurationPlatforms) = preSolution
		Debug|Any CPU = Debug|Any CPU
		Release|Any CPU = Release|Any CPU
	EndGlobalSection
	GlobalSection(ProjectConfigurationPlatforms) = postSolution
		{7A90F5F9-2955-42C6-904A-957E97C15636}.Debug|Any CPU.ActiveCfg = Debug|Any CPU
		{7A90F5F9-2955-42C6-904A-957E97C15636}.Debug|Any CPU.Build.0 = Debug|Any CPU
		{7A90F5F9-2955-42C6-904A-957E97C15636}.Release|Any CPU.ActiveCfg = Release|Any CPU
		{7A90F5F9-2955-42C6-904A-957E97C15636}.Release|Any CPU.Build.0 = Release|Any CPU
	EndGlobalSection
	GlobalSection(SolutionProperties) = preSolution
		HideSolutionNode = FALSE
	EndGlobalSection
	GlobalSection(ExtensibilityGlobals) = postSolution
		SolutionGuid = {6E85EA5E-0E75-4B02-A243-E7F7A309758A}
	EndGlobalSection
EndGlobal
