
Microsoft Visual Studio Solution File, Format Version 12.00
# Visual Studio Version 17
VisualStudioVersion = 17.0.31903.59
MinimumVisualStudioVersion = 10.0.40219.1
Project("{FAE04EC0-301F-11D3-BF4B-00C04F79EFBC}") = "task2", "task2\task2.csproj", "{FDD7106A-BB81-4F5C-91C5-C10F2C5D9CAD}"
EndProject
Global
	GlobalSection(SolutionConfigurationPlatforms) = preSolution
		Debug|Any CPU = Debug|Any CPU
		Release|Any CPU = Release|Any CPU
	EndGlobalSection
	GlobalSection(ProjectConfigurationPlatforms) = postSolution
		{FDD7106A-BB81-4F5C-91C5-C10F2C5D9CAD}.Debug|Any CPU.ActiveCfg = Debug|Any CPU
		{FDD7106A-BB81-4F5C-91C5-C10F2C5D9CAD}.Debug|Any CPU.Build.0 = Debug|Any CPU
		{FDD7106A-BB81-4F5C-91C5-C10F2C5D9CAD}.Release|Any CPU.ActiveCfg = Release|Any CPU
		{FDD7106A-BB81-4F5C-91C5-C10F2C5D9CAD}.Release|Any CPU.Build.0 = Release|Any CPU
	EndGlobalSection
	GlobalSection(SolutionProperties) = preSolution
		HideSolutionNode = FALSE
	EndGlobalSection
	GlobalSection(ExtensibilityGlobals) = postSolution
		SolutionGuid = {80E25CBC-6DBF-48AB-94D7-F207591300D0}
	EndGlobalSection
EndGlobal
