
Microsoft Visual Studio Solution File, Format Version 12.00
# Visual Studio Version 17
VisualStudioVersion = 17.0.31903.59
MinimumVisualStudioVersion = 10.0.40219.1
Project("{FAE04EC0-301F-11D3-BF4B-00C04F79EFBC}") = "task6", "task6\task6.csproj", "{FEE5BBE4-09E2-4826-82FC-F4F2BF076F02}"
EndProject
Global
	GlobalSection(SolutionConfigurationPlatforms) = preSolution
		Debug|Any CPU = Debug|Any CPU
		Release|Any CPU = Release|Any CPU
	EndGlobalSection
	GlobalSection(ProjectConfigurationPlatforms) = postSolution
		{FEE5BBE4-09E2-4826-82FC-F4F2BF076F02}.Debug|Any CPU.ActiveCfg = Debug|Any CPU
		{FEE5BBE4-09E2-4826-82FC-F4F2BF076F02}.Debug|Any CPU.Build.0 = Debug|Any CPU
		{FEE5BBE4-09E2-4826-82FC-F4F2BF076F02}.Release|Any CPU.ActiveCfg = Release|Any CPU
		{FEE5BBE4-09E2-4826-82FC-F4F2BF076F02}.Release|Any CPU.Build.0 = Release|Any CPU
	EndGlobalSection
	GlobalSection(SolutionProperties) = preSolution
		HideSolutionNode = FALSE
	EndGlobalSection
	GlobalSection(ExtensibilityGlobals) = postSolution
		SolutionGuid = {660DC21D-26EB-475B-8C21-928EAA2EF591}
	EndGlobalSection
EndGlobal
